{
    "_readme": [
        "This file locks the dependencies of your project to a known state",
        "Read more about it at http://getcomposer.org/doc/01-basic-usage.md#composer-lock-the-lock-file",
        "This file is @generated automatically"
    ],
    "hash": "8bd2cf4f85ef55783c42da6efef041df",
    "packages": [
        {
            "name": "imangazaliev/didom",
            "version": "1.5.1",
            "source": {
                "type": "git",
                "url": "https://github.com/Imangazaliev/DiDOM.git",
                "reference": "1a12f43bce513a5f45a2e4c79bcda96b678d70ef"
            },
            "dist": {
                "type": "zip",
                "url": "https://api.github.com/repos/Imangazaliev/DiDOM/zipball/1a12f43bce513a5f45a2e4c79bcda96b678d70ef",
                "reference": "1a12f43bce513a5f45a2e4c79bcda96b678d70ef",
                "shasum": ""
            },
            "require": {
                "php": ">=5.4"
            },
            "require-dev": {
                "phpunit/phpunit": "^4.8"
            },
            "type": "library",
            "autoload": {
                "psr-4": {
                    "DiDom\\": "src/DiDom/"
                }
            },
            "notification-url": "https://packagist.org/downloads/",
            "license": [
                "MIT"
            ],
            "authors": [
                {
                    "name": "Imangazaliev Muhammad",
                    "email": "imangazalievm@gmail.com"
                }
            ],
            "description": "Simple and fast HTML parser",
            "homepage": "https://github.com/Imangazaliev/DiDOM",
            "keywords": [
                "didom",
                "html",
                "parser"
            ],
            "time": "2016-01-05 16:55:43"
        },
        {
            "name": "ircmaxell/password-compat",
            "version": "v1.0.4",
            "source": {
                "type": "git",
                "url": "https://github.com/ircmaxell/password_compat.git",
                "reference": "5c5cde8822a69545767f7c7f3058cb15ff84614c"
            },
            "dist": {
                "type": "zip",
                "url": "https://api.github.com/repos/ircmaxell/password_compat/zipball/5c5cde8822a69545767f7c7f3058cb15ff84614c",
                "reference": "5c5cde8822a69545767f7c7f3058cb15ff84614c",
                "shasum": ""
            },
            "require-dev": {
                "phpunit/phpunit": "4.*"
            },
            "type": "library",
            "autoload": {
                "files": [
                    "lib/password.php"
                ]
            },
            "notification-url": "https://packagist.org/downloads/",
            "license": [
                "MIT"
            ],
            "authors": [
                {
                    "name": "Anthony Ferrara",
                    "email": "ircmaxell@php.net",
                    "homepage": "http://blog.ircmaxell.com"
                }
            ],
            "description": "A compatibility library for the proposed simplified password hashing algorithm: https://wiki.php.net/rfc/password_hash",
            "homepage": "https://github.com/ircmaxell/password_compat",
            "keywords": [
                "hashing",
                "password"
            ],
            "time": "2014-11-20 16:49:30"
        },
        {
            "name": "jyggen/curl",
            "version": "v3.0.1",
            "source": {
                "type": "git",
                "url": "https://github.com/jyggen/curl.git",
                "reference": "6ff247fd855e80e50baf67f6147c62e5bff42c4f"
            },
            "dist": {
                "type": "zip",
                "url": "https://api.github.com/repos/jyggen/curl/zipball/6ff247fd855e80e50baf67f6147c62e5bff42c4f",
                "reference": "6ff247fd855e80e50baf67f6147c62e5bff42c4f",
                "shasum": ""
            },
            "require": {
                "ext-curl": "*",
                "php": ">=5.3.0",
                "symfony/http-foundation": "~2.0"
            },
            "require-dev": {
                "mockery/mockery": "dev-master"
            },
            "type": "library",
            "extra": {
                "branch-alias": {
                    "dev-master": "3.1-dev"
                }
            },
            "autoload": {
                "psr-0": {
                    "jyggen\\Curl": "lib/"
                }
            },
            "notification-url": "https://packagist.org/downloads/",
            "license": [
                "MIT"
            ],
            "authors": [
                {
                    "name": "Jonas Stendahl",
                    "email": "jonas.stendahl@gmail.com",
                    "homepage": "http://jyggen.com/",
                    "role": "Developer"
                }
            ],
            "description": "A simple and lightweight cURL library with support for multiple requests in parallel.",
            "homepage": "http://docs.jyggen.com/curl",
            "keywords": [
                "Multi-thread",
                "bot",
                "curl",
                "http",
                "laravel",
                "parallel",
                "spider"
            ],
            "time": "2013-08-21 11:59:16"
        },
        {
            "name": "symfony/http-foundation",
            "version": "v2.8.2",
            "source": {
                "type": "git",
                "url": "https://github.com/symfony/http-foundation.git",
                "reference": "9194b33c71da8ef4d05d22964376f2f9c95a1bfd"
            },
            "dist": {
                "type": "zip",
                "url": "https://api.github.com/repos/symfony/http-foundation/zipball/9194b33c71da8ef4d05d22964376f2f9c95a1bfd",
                "reference": "9194b33c71da8ef4d05d22964376f2f9c95a1bfd",
                "shasum": ""
            },
            "require": {
                "php": ">=5.3.9",
                "symfony/polyfill-php54": "~1.0",
                "symfony/polyfill-php55": "~1.0"
            },
            "require-dev": {
                "symfony/expression-language": "~2.4|~3.0.0"
            },
            "type": "library",
            "extra": {
                "branch-alias": {
                    "dev-master": "2.8-dev"
                }
            },
            "autoload": {
                "psr-4": {
                    "Symfony\\Component\\HttpFoundation\\": ""
                },
                "exclude-from-classmap": [
                    "/Tests/"
                ]
            },
            "notification-url": "https://packagist.org/downloads/",
            "license": [
                "MIT"
            ],
            "authors": [
                {
                    "name": "Fabien Potencier",
                    "email": "fabien@symfony.com"
                },
                {
                    "name": "Symfony Community",
                    "homepage": "https://symfony.com/contributors"
                }
            ],
            "description": "Symfony HttpFoundation Component",
            "homepage": "https://symfony.com",
            "time": "2016-01-13 10:28:07"
        },
        {
            "name": "symfony/polyfill-php54",
            "version": "v1.1.0",
            "source": {
                "type": "git",
                "url": "https://github.com/symfony/polyfill-php54.git",
                "reference": "74663d5a2ff3c530c1bc0571500e0feec9094054"
            },
            "dist": {
                "type": "zip",
                "url": "https://api.github.com/repos/symfony/polyfill-php54/zipball/74663d5a2ff3c530c1bc0571500e0feec9094054",
                "reference": "74663d5a2ff3c530c1bc0571500e0feec9094054",
                "shasum": ""
            },
            "require": {
                "php": ">=5.3.3"
            },
            "type": "library",
            "extra": {
                "branch-alias": {
                    "dev-master": "1.1-dev"
                }
            },
            "autoload": {
                "psr-4": {
                    "Symfony\\Polyfill\\Php54\\": ""
                },
                "files": [
                    "bootstrap.php"
                ],
                "classmap": [
                    "Resources/stubs"
                ]
            },
            "notification-url": "https://packagist.org/downloads/",
            "license": [
                "MIT"
            ],
            "authors": [
                {
                    "name": "Nicolas Grekas",
                    "email": "p@tchwork.com"
                },
                {
                    "name": "Symfony Community",
                    "homepage": "https://symfony.com/contributors"
                }
            ],
            "description": "Symfony polyfill backporting some PHP 5.4+ features to lower PHP versions",
            "homepage": "https://symfony.com",
            "keywords": [
                "compatibility",
                "polyfill",
                "portable",
                "shim"
            ],
            "time": "2016-01-20 09:13:37"
        },
        {
            "name": "symfony/polyfill-php55",
            "version": "v1.1.0",
            "source": {
                "type": "git",
                "url": "https://github.com/symfony/polyfill-php55.git",
                "reference": "b4f3f07d91702f8f926339fc4fcf81671d8c27e6"
            },
            "dist": {
                "type": "zip",
                "url": "https://api.github.com/repos/symfony/polyfill-php55/zipball/b4f3f07d91702f8f926339fc4fcf81671d8c27e6",
                "reference": "b4f3f07d91702f8f926339fc4fcf81671d8c27e6",
                "shasum": ""
            },
            "require": {
                "ircmaxell/password-compat": "~1.0",
                "php": ">=5.3.3"
            },
            "type": "library",
            "extra": {
                "branch-alias": {
                    "dev-master": "1.1-dev"
                }
            },
            "autoload": {
                "psr-4": {
                    "Symfony\\Polyfill\\Php55\\": ""
                },
                "files": [
                    "bootstrap.php"
                ]
            },
            "notification-url": "https://packagist.org/downloads/",
            "license": [
                "MIT"
            ],
            "authors": [
                {
                    "name": "Nicolas Grekas",
                    "email": "p@tchwork.com"
                },
                {
                    "name": "Symfony Community",
                    "homepage": "https://symfony.com/contributors"
                }
            ],
            "description": "Symfony polyfill backporting some PHP 5.5+ features to lower PHP versions",
            "homepage": "https://symfony.com",
            "keywords": [
                "compatibility",
                "polyfill",
                "portable",
                "shim"
            ],
            "time": "2016-01-20 09:13:37"
        }
    ],
    "packages-dev": [],
    "aliases": [],
    "minimum-stability": "stable",
    "stability-flags": [],
    "prefer-stable": false,
    "prefer-lowest": false,
    "platform": [],
    "platform-dev": []
}
